
Microsoft Visual Studio Solution File, Format Version 12.00
# 
Project("{FAE04EC0-301F-11D3-BF4B-00C04F79EFBC}") = "AuctionService", "AuctionService\AuctionService.csproj", "{8974C5E1-66D5-488C-9FEF-162F87F32270}"
EndProject
Project("{FAE04EC0-301F-11D3-BF4B-00C04F79EFBC}") = "SearchService", "SearchService\SearchService.csproj", "{7065578D-75E9-4E98-9828-DE0046CC7FD2}"
EndProject
Project("{FAE04EC0-301F-11D3-BF4B-00C04F79EFBC}") = "Contracts", "Contracts\Contracts.csproj", "{D1575AA5-BA99-42C2-A5E2-A6CAD1413387}"
EndProject
Global
	GlobalSection(SolutionConfigurationPlatforms) = preSolution
		Debug|Any CPU = Debug|Any CPU
		Release|Any CPU = Release|Any CPU
	EndGlobalSection
	GlobalSection(ProjectConfigurationPlatforms) = postSolution
		{8974C5E1-66D5-488C-9FEF-162F87F32270}.Debug|Any CPU.ActiveCfg = Debug|Any CPU
		{8974C5E1-66D5-488C-9FEF-162F87F32270}.Debug|Any CPU.Build.0 = Debug|Any CPU
		{8974C5E1-66D5-488C-9FEF-162F87F32270}.Release|Any CPU.ActiveCfg = Release|Any CPU
		{8974C5E1-66D5-488C-9FEF-162F87F32270}.Release|Any CPU.Build.0 = Release|Any CPU
		{7065578D-75E9-4E98-9828-DE0046CC7FD2}.Debug|Any CPU.ActiveCfg = Debug|Any CPU
		{7065578D-75E9-4E98-9828-DE0046CC7FD2}.Debug|Any CPU.Build.0 = Debug|Any CPU
		{7065578D-75E9-4E98-9828-DE0046CC7FD2}.Release|Any CPU.ActiveCfg = Release|Any CPU
		{7065578D-75E9-4E98-9828-DE0046CC7FD2}.Release|Any CPU.Build.0 = Release|Any CPU
		{D1575AA5-BA99-42C2-A5E2-A6CAD1413387}.Debug|Any CPU.ActiveCfg = Debug|Any CPU
		{D1575AA5-BA99-42C2-A5E2-A6CAD1413387}.Debug|Any CPU.Build.0 = Debug|Any CPU
		{D1575AA5-BA99-42C2-A5E2-A6CAD1413387}.Release|Any CPU.ActiveCfg = Release|Any CPU
		{D1575AA5-BA99-42C2-A5E2-A6CAD1413387}.Release|Any CPU.Build.0 = Release|Any CPU
	EndGlobalSection
EndGlobal
